
Microsoft Visual Studio Solution File, Format Version 12.00
# Visual Studio 15
VisualStudioVersion = 15.0.26730.12
MinimumVisualStudioVersion = 10.0.40219.1
Project("{FAE04EC0-301F-11D3-BF4B-00C04F79EFBC}") = "ProxySwitch", "ProxySwitch\ProxySwitch.csproj", "{9786FCAF-F243-430D-8520-6DA2D1F4C69F}"
EndProject
Project("{2150E333-8FDC-42A3-9474-1A3956D46DE8}") = "LicenseHeaders", "LicenseHeaders", "{3F9C4F56-DAD2-46A7-9889-27A369D902E3}"
	ProjectSection(SolutionItems) = preProject
		ProxySwitch.sln.licenseheader = ProxySwitch.sln.licenseheader
	EndProjectSection
EndProject
Global
	GlobalSection(SolutionConfigurationPlatforms) = preSolution
		Debug|Any CPU = Debug|Any CPU
		Release|Any CPU = Release|Any CPU
	EndGlobalSection
	GlobalSection(ProjectConfigurationPlatforms) = postSolution
		{9786FCAF-F243-430D-8520-6DA2D1F4C69F}.Debug|Any CPU.ActiveCfg = Debug|Any CPU
		{9786FCAF-F243-430D-8520-6DA2D1F4C69F}.Debug|Any CPU.Build.0 = Debug|Any CPU
		{9786FCAF-F243-430D-8520-6DA2D1F4C69F}.Release|Any CPU.ActiveCfg = Release|Any CPU
		{9786FCAF-F243-430D-8520-6DA2D1F4C69F}.Release|Any CPU.Build.0 = Release|Any CPU
	EndGlobalSection
	GlobalSection(SolutionProperties) = preSolution
		HideSolutionNode = FALSE
	EndGlobalSection
	GlobalSection(ExtensibilityGlobals) = postSolution
		SolutionGuid = {F11C5684-1E10-4A4F-84DC-2613115AE33E}
	EndGlobalSection
EndGlobal
